
Microsoft Visual Studio Solution File, Format Version 12.00
# Visual Studio 14
VisualStudioVersion = 14.0.25420.1
MinimumVisualStudioVersion = 10.0.40219.1
Project("{FAE04EC0-301F-11D3-BF4B-00C04F79EFBC}") = "FHIRClient", "FHIRClient\FHIRClient.csproj", "{111FFE49-8B21-4241-ABC7-CD678E2DCAA4}"
EndProject
Project("{FAE04EC0-301F-11D3-BF4B-00C04F79EFBC}") = "TransactionResource", "TransactionResource\TransactionResource.csproj", "{38C04DC1-6C9B-4ACC-9663-4C3909309257}"
EndProject
Project("{FAE04EC0-301F-11D3-BF4B-00C04F79EFBC}") = "FHIRWorkFlowLab", "FHIRWorkFlowLab\FHIRWorkFlowLab.csproj", "{1B7E18AE-6973-444F-AC38-84900FD0FE8C}"
EndProject
Global
	GlobalSection(SolutionConfigurationPlatforms) = preSolution
		Debug|Any CPU = Debug|Any CPU
		Release|Any CPU = Release|Any CPU
	EndGlobalSection
	GlobalSection(ProjectConfigurationPlatforms) = postSolution
		{111FFE49-8B21-4241-ABC7-CD678E2DCAA4}.Debug|Any CPU.ActiveCfg = Debug|Any CPU
		{111FFE49-8B21-4241-ABC7-CD678E2DCAA4}.Debug|Any CPU.Build.0 = Debug|Any CPU
		{111FFE49-8B21-4241-ABC7-CD678E2DCAA4}.Release|Any CPU.ActiveCfg = Release|Any CPU
		{111FFE49-8B21-4241-ABC7-CD678E2DCAA4}.Release|Any CPU.Build.0 = Release|Any CPU
		{38C04DC1-6C9B-4ACC-9663-4C3909309257}.Debug|Any CPU.ActiveCfg = Debug|Any CPU
		{38C04DC1-6C9B-4ACC-9663-4C3909309257}.Debug|Any CPU.Build.0 = Debug|Any CPU
		{38C04DC1-6C9B-4ACC-9663-4C3909309257}.Release|Any CPU.ActiveCfg = Release|Any CPU
		{38C04DC1-6C9B-4ACC-9663-4C3909309257}.Release|Any CPU.Build.0 = Release|Any CPU
		{1B7E18AE-6973-444F-AC38-84900FD0FE8C}.Debug|Any CPU.ActiveCfg = Debug|Any CPU
		{1B7E18AE-6973-444F-AC38-84900FD0FE8C}.Debug|Any CPU.Build.0 = Debug|Any CPU
		{1B7E18AE-6973-444F-AC38-84900FD0FE8C}.Release|Any CPU.ActiveCfg = Release|Any CPU
		{1B7E18AE-6973-444F-AC38-84900FD0FE8C}.Release|Any CPU.Build.0 = Release|Any CPU
	EndGlobalSection
	GlobalSection(SolutionProperties) = preSolution
		HideSolutionNode = FALSE
	EndGlobalSection
EndGlobal
